// !$*UTF8*$!
{
	archiveVersion = 1;
	classes = {
	};
	objectVersion = 77;
	objects = {

/* Begin PBXBuildFile section */
		D21DC99C2DF8963F00C66DC5 /* DGCharts in Frameworks */ = {isa = PBXBuildFile; productRef = D21DC99B2DF8963F00C66DC5 /* DGCharts */; };
/* End PBXBuildFile section */

/* Begin PBXContainerItemProxy section */
		D2AEE9C52DF351FD000AB27F /* PBXContainerItemProxy */ = {
			isa = PBXContainerItemProxy;
			containerPortal = D2AEE9A32DF351FB000AB27F /* Project object */;
			proxyType = 1;
			remoteGlobalIDString = D2AEE9AA2DF351FB000AB27F;
			remoteInfo = SunSafe;
		};
		D2AEE9CF2DF351FD000AB27F /* PBXContainerItemProxy */ = {
			isa = PBXContainerItemProxy;
			containerPortal = D2AEE9A32DF351FB000AB27F /* Project object */;
			proxyType = 1;
			remoteGlobalIDString = D2AEE9AA2DF351FB000AB27F;
			remoteInfo = SunSafe;
		};
/* End PBXContainerItemProxy section */

/* Begin PBXCopyFilesBuildPhase section */
		D25CD7A62DF8940E007E1879 /* Embed Frameworks */ = {
			isa = PBXCopyFilesBuildPhase;
			buildActionMask = 2147483647;
			dstPath = "";
			dstSubfolderSpec = 10;
			files = (
			);
			name = "Embed Frameworks";
			runOnlyForDeploymentPostprocessing = 0;
		};
/* End PBXCopyFilesBuildPhase section */

/* Begin PBXFileReference section */
		D2AEE9AB2DF351FB000AB27F /* SunSafe.app */ = {isa = PBXFileReference; explicitFileType = wrapper.application; includeInIndex = 0; path = SunSafe.app; sourceTree = BUILT_PRODUCTS_DIR; };
		D2AEE9C42DF351FD000AB27F /* SunSafeTests.xctest */ = {isa = PBXFileReference; explicitFileType = wrapper.cfbundle; includeInIndex = 0; path = SunSafeTests.xctest; sourceTree = BUILT_PRODUCTS_DIR; };
		D2AEE9CE2DF351FD000AB27F /* SunSafeUITests.xctest */ = {isa = PBXFileReference; explicitFileType = wrapper.cfbundle; includeInIndex = 0; path = SunSafeUITests.xctest; sourceTree = BUILT_PRODUCTS_DIR; };
/* End PBXFileReference section */

/* Begin PBXFileSystemSynchronizedBuildFileExceptionSet section */
		D2AEE9D62DF351FD000AB27F /* Exceptions for "SunSafe" folder in "SunSafe" target */ = {
			isa = PBXFileSystemSynchronizedBuildFileExceptionSet;
			membershipExceptions = (
				Info.plist,
			);
			target = D2AEE9AA2DF351FB000AB27F /* SunSafe */;
		};
/* End PBXFileSystemSynchronizedBuildFileExceptionSet section */

/* Begin PBXFileSystemSynchronizedRootGroup section */
		D2AEE9AD2DF351FB000AB27F /* SunSafe */ = {
			isa = PBXFileSystemSynchronizedRootGroup;
			exceptions = (
				D2AEE9D62DF351FD000AB27F /* Exceptions for "SunSafe" folder in "SunSafe" target */,
			);
			path = SunSafe;
			sourceTree = "<group>";
		};
		D2AEE9C72DF351FD000AB27F /* SunSafeTests */ = {
			isa = PBXFileSystemSynchronizedRootGroup;
			path = SunSafeTests;
			sourceTree = "<group>";
		};
		D2AEE9D12DF351FD000AB27F /* SunSafeUITests */ = {
			isa = PBXFileSystemSynchronizedRootGroup;
			path = SunSafeUITests;
			sourceTree = "<group>";
		};
/* End PBXFileSystemSynchronizedRootGroup section */

/* Begin PBXFrameworksBuildPhase section */
		D2AEE9A82DF351FB000AB27F /* Frameworks */ = {
			isa = PBXFrameworksBuildPhase;
			buildActionMask = 2147483647;
			files = (
				D21DC99C2DF8963F00C66DC5 /* DGCharts in Frameworks */,
			);
			runOnlyForDeploymentPostprocessing = 0;
		};
		D2AEE9C12DF351FD000AB27F /* Frameworks */ = {
			isa = PBXFrameworksBuildPhase;
			buildActionMask = 2147483647;
			files = (
			);
			runOnlyForDeploymentPostprocessing = 0;
		};
		D2AEE9CB2DF351FD000AB27F /* Frameworks */ = {
			isa = PBXFrameworksBuildPhase;
			buildActionMask = 2147483647;
			files = (
			);
			runOnlyForDeploymentPostprocessing = 0;
		};
/* End PBXFrameworksBuildPhase section */

/* Begin PBXGroup section */
		D2AEE9A22DF351FB000AB27F = {
			isa = PBXGroup;
			children = (
				D2AEE9AD2DF351FB000AB27F /* SunSafe */,
				D2AEE9C72DF351FD000AB27F /* SunSafeTests */,
				D2AEE9D12DF351FD000AB27F /* SunSafeUITests */,
				D2AEE9AC2DF351FB000AB27F /* Products */,
			);
			sourceTree = "<group>";
		};
		D2AEE9AC2DF351FB000AB27F /* Products */ = {
			isa = PBXGroup;
			children = (
				D2AEE9AB2DF351FB000AB27F /* SunSafe.app */,
				D2AEE9C42DF351FD000AB27F /* SunSafeTests.xctest */,
				D2AEE9CE2DF351FD000AB27F /* SunSafeUITests.xctest */,
			);
			name = Products;
			sourceTree = "<group>";
		};
/* End PBXGroup section */

/* Begin PBXNativeTarget section */
		D2AEE9AA2DF351FB000AB27F /* SunSafe */ = {
			isa = PBXNativeTarget;
			buildConfigurationList = D2AEE9D72DF351FD000AB27F /* Build configuration list for PBXNativeTarget "SunSafe" */;
			buildPhases = (
				D2AEE9A72DF351FB000AB27F /* Sources */,
				D2AEE9A82DF351FB000AB27F /* Frameworks */,
				D2AEE9A92DF351FB000AB27F /* Resources */,
				D25CD7A62DF8940E007E1879 /* Embed Frameworks */,
			);
			buildRules = (
			);
			dependencies = (
			);
			fileSystemSynchronizedGroups = (
				D2AEE9AD2DF351FB000AB27F /* SunSafe */,
			);
			name = SunSafe;
			packageProductDependencies = (
				D21DC99B2DF8963F00C66DC5 /* DGCharts */,
			);
			productName = SunSafe;
			productReference = D2AEE9AB2DF351FB000AB27F /* SunSafe.app */;
			productType = "com.apple.product-type.application";
		};
		D2AEE9C32DF351FD000AB27F /* SunSafeTests */ = {
			isa = PBXNativeTarget;
			buildConfigurationList = D2AEE9DC2DF351FD000AB27F /* Build configuration list for PBXNativeTarget "SunSafeTests" */;
			buildPhases = (
				D2AEE9C02DF351FD000AB27F /* Sources */,
				D2AEE9C12DF351FD000AB27F /* Frameworks */,
				D2AEE9C22DF351FD000AB27F /* Resources */,
			);
			buildRules = (
			);
			dependencies = (
				D2AEE9C62DF351FD000AB27F /* PBXTargetDependency */,
			);
			fileSystemSynchronizedGroups = (
				D2AEE9C72DF351FD000AB27F /* SunSafeTests */,
			);
			name = SunSafeTests;
			packageProductDependencies = (
			);
			productName = SunSafeTests;
			productReference = D2AEE9C42DF351FD000AB27F /* SunSafeTests.xctest */;
			productType = "com.apple.product-type.bundle.unit-test";
		};
		D2AEE9CD2DF351FD000AB27F /* SunSafeUITests */ = {
			isa = PBXNativeTarget;
			buildConfigurationList = D2AEE9DF2DF351FD000AB27F /* Build configuration list for PBXNativeTarget "SunSafeUITests" */;
			buildPhases = (
				D2AEE9CA2DF351FD000AB27F /* Sources */,
				D2AEE9CB2DF351FD000AB27F /* Frameworks */,
				D2AEE9CC2DF351FD000AB27F /* Resources */,
			);
			buildRules = (
			);
			dependencies = (
				D2AEE9D02DF351FD000AB27F /* PBXTargetDependency */,
			);
			fileSystemSynchronizedGroups = (
				D2AEE9D12DF351FD000AB27F /* SunSafeUITests */,
			);
			name = SunSafeUITests;
			packageProductDependencies = (
			);
			productName = SunSafeUITests;
			productReference = D2AEE9CE2DF351FD000AB27F /* SunSafeUITests.xctest */;
			productType = "com.apple.product-type.bundle.ui-testing";
		};
/* End PBXNativeTarget section */

/* Begin PBXProject section */
		D2AEE9A32DF351FB000AB27F /* Project object */ = {
			isa = PBXProject;
			attributes = {
				BuildIndependentTargetsInParallel = 1;
				LastSwiftUpdateCheck = 1640;
				LastUpgradeCheck = 1640;
				TargetAttributes = {
					D2AEE9AA2DF351FB000AB27F = {
						CreatedOnToolsVersion = 16.4;
					};
					D2AEE9C32DF351FD000AB27F = {
						CreatedOnToolsVersion = 16.4;
						TestTargetID = D2AEE9AA2DF351FB000AB27F;
					};
					D2AEE9CD2DF351FD000AB27F = {
						CreatedOnToolsVersion = 16.4;
						TestTargetID = D2AEE9AA2DF351FB000AB27F;
					};
				};
			};
			buildConfigurationList = D2AEE9A62DF351FB000AB27F /* Build configuration list for PBXProject "SunSafe" */;
			developmentRegion = en;
			hasScannedForEncodings = 0;
			knownRegions = (
				en,
				Base,
			);
			mainGroup = D2AEE9A22DF351FB000AB27F;
			minimizedProjectReferenceProxies = 1;
			packageReferences = (
				D21DC99A2DF8963F00C66DC5 /* XCRemoteSwiftPackageReference "Charts" */,
			);
			preferredProjectObjectVersion = 77;
			productRefGroup = D2AEE9AC2DF351FB000AB27F /* Products */;
			projectDirPath = "";
			projectRoot = "";
			targets = (
				D2AEE9AA2DF351FB000AB27F /* SunSafe */,
				D2AEE9C32DF351FD000AB27F /* SunSafeTests */,
				D2AEE9CD2DF351FD000AB27F /* SunSafeUITests */,
			);
		};
/* End PBXProject section */

/* Begin PBXResourcesBuildPhase section */
		D2AEE9A92DF351FB000AB27F /* Resources */ = {
			isa = PBXResourcesBuildPhase;
			buildActionMask = 2147483647;
			files = (
			);
			runOnlyForDeploymentPostprocessing = 0;
		};
		D2AEE9C22DF351FD000AB27F /* Resources */ = {
			isa = PBXResourcesBuildPhase;
			buildActionMask = 2147483647;
			files = (
			);
			runOnlyForDeploymentPostprocessing = 0;
		};
		D2AEE9CC2DF351FD000AB27F /* Resources */ = {
			isa = PBXResourcesBuildPhase;
			buildActionMask = 2147483647;
			files = (
			);
			runOnlyForDeploymentPostprocessing = 0;
		};
/* End PBXResourcesBuildPhase section */

/* Begin PBXSourcesBuildPhase section */
		D2AEE9A72DF351FB000AB27F /* Sources */ = {
			isa = PBXSourcesBuildPhase;
			buildActionMask = 2147483647;
			files = (
			);
			runOnlyForDeploymentPostprocessing = 0;
		};
		D2AEE9C02DF351FD000AB27F /* Sources */ = {
			isa = PBXSourcesBuildPhase;
			buildActionMask = 2147483647;
			files = (
			);
			runOnlyForDeploymentPostprocessing = 0;
		};
		D2AEE9CA2DF351FD000AB27F /* Sources */ = {
			isa = PBXSourcesBuildPhase;
			buildActionMask = 2147483647;
			files = (
			);
			runOnlyForDeploymentPostprocessing = 0;
		};
/* End PBXSourcesBuildPhase section */

/* Begin PBXTargetDependency section */
		D2AEE9C62DF351FD000AB27F /* PBXTargetDependency */ = {
			isa = PBXTargetDependency;
			target = D2AEE9AA2DF351FB000AB27F /* SunSafe */;
			targetProxy = D2AEE9C52DF351FD000AB27F /* PBXContainerItemProxy */;
		};
		D2AEE9D02DF351FD000AB27F /* PBXTargetDependency */ = {
			isa = PBXTargetDependency;
			target = D2AEE9AA2DF351FB000AB27F /* SunSafe */;
			targetProxy = D2AEE9CF2DF351FD000AB27F /* PBXContainerItemProxy */;
		};
/* End PBXTargetDependency section */

/* Begin XCBuildConfiguration section */
		D2AEE9D82DF351FD000AB27F /* Debug */ = {
			isa = XCBuildConfiguration;
			buildSettings = {
				ASSETCATALOG_COMPILER_APPICON_NAME = AppIcon;
				ASSETCATALOG_COMPILER_GLOBAL_ACCENT_COLOR_NAME = AccentColor;
				CODE_SIGN_STYLE = Automatic;
				CURRENT_PROJECT_VERSION = 1;
				DEVELOPMENT_TEAM = YJ677YZM59;
				GENERATE_INFOPLIST_FILE = YES;
				INFOPLIST_FILE = SunSafe/Info.plist;
				INFOPLIST_KEY_UIApplicationSupportsIndirectInputEvents = YES;
				INFOPLIST_KEY_UILaunchStoryboardName = LaunchScreen;
				INFOPLIST_KEY_UIMainStoryboardFile = Main;
				INFOPLIST_KEY_UISupportedInterfaceOrientations_iPad = "UIInterfaceOrientationPortrait UIInterfaceOrientationPortraitUpsideDown UIInterfaceOrientationLandscapeLeft UIInterfaceOrientationLandscapeRight";
				INFOPLIST_KEY_UISupportedInterfaceOrientations_iPhone = "UIInterfaceOrientationPortrait UIInterfaceOrientationLandscapeLeft UIInterfaceOrientationLandscapeRight";
				LD_RUNPATH_SEARCH_PATHS = (
					"$(inherited)",
					"@executable_path/Frameworks",
				);
				MARKETING_VERSION = 1.0;
				PRODUCT_BUNDLE_IDENTIFIER = egor.partenko.SunSafe;
				PRODUCT_NAME = "$(TARGET_NAME)";
				SWIFT_EMIT_LOC_STRINGS = YES;
				SWIFT_VERSION = 5.0;
				TARGETED_DEVICE_FAMILY = "1,2";
			};
			name = Debug;
		};
		D2AEE9D92DF351FD000AB27F /* Release */ = {
			isa = XCBuildConfiguration;
			buildSettings = {
				ASSETCATALOG_COMPILER_APPICON_NAME = AppIcon;
				ASSETCATALOG_COMPILER_GLOBAL_ACCENT_COLOR_NAME = AccentColor;
				CODE_SIGN_STYLE = Automatic;
				CURRENT_PROJECT_VERSION = 1;
				DEVELOPMENT_TEAM = YJ677YZM59;
				GENERATE_INFOPLIST_FILE = YES;
				INFOPLIST_FILE = SunSafe/Info.plist;
				INFOPLIST_KEY_UIApplicationSupportsIndirectInputEvents = YES;
				INFOPLIST_KEY_UILaunchStoryboardName = LaunchScreen;
				INFOPLIST_KEY_UIMainStoryboardFile = Main;
				INFOPLIST_KEY_UISupportedInterfaceOrientations_iPad = "UIInterfaceOrientationPortrait UIInterfaceOrientationPortraitUpsideDown UIInterfaceOrientationLandscapeLeft UIInterfaceOrientationLandscapeRight";
				INFOPLIST_KEY_UISupportedInterfaceOrientations_iPhone = "UIInterfaceOrientationPortrait UIInterfaceOrientationLandscapeLeft UIInterfaceOrientationLandscapeRight";
				LD_RUNPATH_SEARCH_PATHS = (
					"$(inherited)",
					"@executable_path/Frameworks",
				);
				MARKETING_VERSION = 1.0;
				PRODUCT_BUNDLE_IDENTIFIER = egor.partenko.SunSafe;
				PRODUCT_NAME = "$(TARGET_NAME)";
				SWIFT_EMIT_LOC_STRINGS = YES;
				SWIFT_VERSION = 5.0;
				TARGETED_DEVICE_FAMILY = "1,2";
			};
			name = Release;
		};
		D2AEE9DA2DF351FD000AB27F /* Debug */ = {
			isa = XCBuildConfiguration;
			buildSettings = {
				ALWAYS_SEARCH_USER_PATHS = NO;
				ASSETCATALOG_COMPILER_GENERATE_SWIFT_ASSET_SYMBOL_EXTENSIONS = YES;
				CLANG_ANALYZER_NONNULL = YES;
				CLANG_ANALYZER_NUMBER_OBJECT_CONVERSION = YES_AGGRESSIVE;
				CLANG_CXX_LANGUAGE_STANDARD = "gnu++20";
				CLANG_ENABLE_MODULES = YES;
				CLANG_ENABLE_OBJC_ARC = YES;
				CLANG_ENABLE_OBJC_WEAK = YES;
				CLANG_WARN_BLOCK_CAPTURE_AUTORELEASING = YES;
				CLANG_WARN_BOOL_CONVERSION = YES;
				CLANG_WARN_COMMA = YES;
				CLANG_WARN_CONSTANT_CONVERSION = YES;
				CLANG_WARN_DEPRECATED_OBJC_IMPLEMENTATIONS = YES;
				CLANG_WARN_DIRECT_OBJC_ISA_USAGE = YES_ERROR;
				CLANG_WARN_DOCUMENTATION_COMMENTS = YES;
				CLANG_WARN_EMPTY_BODY = YES;
				CLANG_WARN_ENUM_CONVERSION = YES;
				CLANG_WARN_INFINITE_RECURSION = YES;
				CLANG_WARN_INT_CONVERSION = YES;
				CLANG_WARN_NON_LITERAL_NULL_CONVERSION = YES;
				CLANG_WARN_OBJC_IMPLICIT_RETAIN_SELF = YES;
				CLANG_WARN_OBJC_LITERAL_CONVERSION = YES;
				CLANG_WARN_OBJC_ROOT_CLASS = YES_ERROR;
				CLANG_WARN_QUOTED_INCLUDE_IN_FRAMEWORK_HEADER = YES;
				CLANG_WARN_RANGE_LOOP_ANALYSIS = YES;
				CLANG_WARN_STRICT_PROTOTYPES = YES;
				CLANG_WARN_SUSPICIOUS_MOVE = YES;
				CLANG_WARN_UNGUARDED_AVAILABILITY = YES_AGGRESSIVE;
				CLANG_WARN_UNREACHABLE_CODE = YES;
				CLANG_WARN__DUPLICATE_METHOD_MATCH = YES;
				COPY_PHASE_STRIP = NO;
				DEBUG_INFORMATION_FORMAT = dwarf;
				DEVELOPMENT_TEAM = YJ677YZM59;
				ENABLE_STRICT_OBJC_MSGSEND = YES;
				ENABLE_TESTABILITY = YES;
				ENABLE_USER_SCRIPT_SANDBOXING = YES;
				GCC_C_LANGUAGE_STANDARD = gnu17;
				GCC_DYNAMIC_NO_PIC = NO;
				GCC_NO_COMMON_BLOCKS = YES;
				GCC_OPTIMIZATION_LEVEL = 0;
				GCC_PREPROCESSOR_DEFINITIONS = (
					"DEBUG=1",
					"$(inherited)",
				);
				GCC_WARN_64_TO_32_BIT_CONVERSION = YES;
				GCC_WARN_ABOUT_RETURN_TYPE = YES_ERROR;
				GCC_WARN_UNDECLARED_SELECTOR = YES;
				GCC_WARN_UNINITIALIZED_AUTOS = YES_AGGRESSIVE;
				GCC_WARN_UNUSED_FUNCTION = YES;
				GCC_WARN_UNUSED_VARIABLE = YES;
				IPHONEOS_DEPLOYMENT_TARGET = 18.5;
				LOCALIZATION_PREFERS_STRING_CATALOGS = YES;
				MTL_ENABLE_DEBUG_INFO = INCLUDE_SOURCE;
				MTL_FAST_MATH = YES;
				ONLY_ACTIVE_ARCH = YES;
				SDKROOT = iphoneos;
				SWIFT_ACTIVE_COMPILATION_CONDITIONS = "DEBUG $(inherited)";
				SWIFT_OPTIMIZATION_LEVEL = "-Onone";
			};
			name = Debug;
		};
		D2AEE9DB2DF351FD000AB27F /* Release */ = {
			isa = XCBuildConfiguration;
			buildSettings = {
				ALWAYS_SEARCH_USER_PATHS = NO;
				ASSETCATALOG_COMPILER_GENERATE_SWIFT_ASSET_SYMBOL_EXTENSIONS = YES;
				CLANG_ANALYZER_NONNULL = YES;
				CLANG_ANALYZER_NUMBER_OBJECT_CONVERSION = YES_AGGRESSIVE;
				CLANG_CXX_LANGUAGE_STANDARD = "gnu++20";
				CLANG_ENABLE_MODULES = YES;
				CLANG_ENABLE_OBJC_ARC = YES;
				CLANG_ENABLE_OBJC_WEAK = YES;
				CLANG_WARN_BLOCK_CAPTURE_AUTORELEASING = YES;
				CLANG_WARN_BOOL_CONVERSION = YES;
				CLANG_WARN_COMMA = YES;
				CLANG_WARN_CONSTANT_CONVERSION = YES;
				CLANG_WARN_DEPRECATED_OBJC_IMPLEMENTATIONS = YES;
				CLANG_WARN_DIRECT_OBJC_ISA_USAGE = YES_ERROR;
				CLANG_WARN_DOCUMENTATION_COMMENTS = YES;
				CLANG_WARN_EMPTY_BODY = YES;
				CLANG_WARN_ENUM_CONVERSION = YES;
				CLANG_WARN_INFINITE_RECURSION = YES;
				CLANG_WARN_INT_CONVERSION = YES;
				CLANG_WARN_NON_LITERAL_NULL_CONVERSION = YES;
				CLANG_WARN_OBJC_IMPLICIT_RETAIN_SELF = YES;
				CLANG_WARN_OBJC_LITERAL_CONVERSION = YES;
				CLANG_WARN_OBJC_ROOT_CLASS = YES_ERROR;
				CLANG_WARN_QUOTED_INCLUDE_IN_FRAMEWORK_HEADER = YES;
				CLANG_WARN_RANGE_LOOP_ANALYSIS = YES;
				CLANG_WARN_STRICT_PROTOTYPES = YES;
				CLANG_WARN_SUSPICIOUS_MOVE = YES;
				CLANG_WARN_UNGUARDED_AVAILABILITY = YES_AGGRESSIVE;
				CLANG_WARN_UNREACHABLE_CODE = YES;
				CLANG_WARN__DUPLICATE_METHOD_MATCH = YES;
				COPY_PHASE_STRIP = NO;
				DEBUG_INFORMATION_FORMAT = "dwarf-with-dsym";
				DEVELOPMENT_TEAM = YJ677YZM59;
				ENABLE_NS_ASSERTIONS = NO;
				ENABLE_STRICT_OBJC_MSGSEND = YES;
				ENABLE_USER_SCRIPT_SANDBOXING = YES;
				GCC_C_LANGUAGE_STANDARD = gnu17;
				GCC_NO_COMMON_BLOCKS = YES;
				GCC_WARN_64_TO_32_BIT_CONVERSION = YES;
				GCC_WARN_ABOUT_RETURN_TYPE = YES_ERROR;
				GCC_WARN_UNDECLARED_SELECTOR = YES;
				GCC_WARN_UNINITIALIZED_AUTOS = YES_AGGRESSIVE;
				GCC_WARN_UNUSED_FUNCTION = YES;
				GCC_WARN_UNUSED_VARIABLE = YES;
				IPHONEOS_DEPLOYMENT_TARGET = 18.5;
				LOCALIZATION_PREFERS_STRING_CATALOGS = YES;
				MTL_ENABLE_DEBUG_INFO = NO;
				MTL_FAST_MATH = YES;
				SDKROOT = iphoneos;
				SWIFT_COMPILATION_MODE = wholemodule;
				VALIDATE_PRODUCT = YES;
			};
			name = Release;
		};
		D2AEE9DD2DF351FD000AB27F /* Debug */ = {
			isa = XCBuildConfiguration;
			buildSettings = {
				BUNDLE_LOADER = "$(TEST_HOST)";
				CODE_SIGN_STYLE = Automatic;
				CURRENT_PROJECT_VERSION = 1;
				DEVELOPMENT_TEAM = YJ677YZM59;
				GENERATE_INFOPLIST_FILE = YES;
				IPHONEOS_DEPLOYMENT_TARGET = 18.5;
				MARKETING_VERSION = 1.0;
				PRODUCT_BUNDLE_IDENTIFIER = egor.partenko.SunSafeTests;
				PRODUCT_NAME = "$(TARGET_NAME)";
				SWIFT_EMIT_LOC_STRINGS = NO;
				SWIFT_VERSION = 5.0;
				TARGETED_DEVICE_FAMILY = "1,2";
				TEST_HOST = "$(BUILT_PRODUCTS_DIR)/SunSafe.app/$(BUNDLE_EXECUTABLE_FOLDER_PATH)/SunSafe";
			};
			name = Debug;
		};
		D2AEE9DE2DF351FD000AB27F /* Release */ = {
			isa = XCBuildConfiguration;
			buildSettings = {
				BUNDLE_LOADER = "$(TEST_HOST)";
				CODE_SIGN_STYLE = Automatic;
				CURRENT_PROJECT_VERSION = 1;
				DEVELOPMENT_TEAM = YJ677YZM59;
				GENERATE_INFOPLIST_FILE = YES;
				IPHONEOS_DEPLOYMENT_TARGET = 18.5;
				MARKETING_VERSION = 1.0;
				PRODUCT_BUNDLE_IDENTIFIER = egor.partenko.SunSafeTests;
				PRODUCT_NAME = "$(TARGET_NAME)";
				SWIFT_EMIT_LOC_STRINGS = NO;
				SWIFT_VERSION = 5.0;
				TARGETED_DEVICE_FAMILY = "1,2";
				TEST_HOST = "$(BUILT_PRODUCTS_DIR)/SunSafe.app/$(BUNDLE_EXECUTABLE_FOLDER_PATH)/SunSafe";
			};
			name = Release;
		};
		D2AEE9E02DF351FD000AB27F /* Debug */ = {
			isa = XCBuildConfiguration;
			buildSettings = {
				CODE_SIGN_STYLE = Automatic;
				CURRENT_PROJECT_VERSION = 1;
				DEVELOPMENT_TEAM = YJ677YZM59;
				GENERATE_INFOPLIST_FILE = YES;
				MARKETING_VERSION = 1.0;
				PRODUCT_BUNDLE_IDENTIFIER = egor.partenko.SunSafeUITests;
				PRODUCT_NAME = "$(TARGET_NAME)";
				SWIFT_EMIT_LOC_STRINGS = NO;
				SWIFT_VERSION = 5.0;
				TARGETED_DEVICE_FAMILY = "1,2";
				TEST_TARGET_NAME = SunSafe;
			};
			name = Debug;
		};
		D2AEE9E12DF351FD000AB27F /* Release */ = {
			isa = XCBuildConfiguration;
			buildSettings = {
				CODE_SIGN_STYLE = Automatic;
				CURRENT_PROJECT_VERSION = 1;
				DEVELOPMENT_TEAM = YJ677YZM59;
				GENERATE_INFOPLIST_FILE = YES;
				MARKETING_VERSION = 1.0;
				PRODUCT_BUNDLE_IDENTIFIER = egor.partenko.SunSafeUITests;
				PRODUCT_NAME = "$(TARGET_NAME)";
				SWIFT_EMIT_LOC_STRINGS = NO;
				SWIFT_VERSION = 5.0;
				TARGETED_DEVICE_FAMILY = "1,2";
				TEST_TARGET_NAME = SunSafe;
			};
			name = Release;
		};
/* End XCBuildConfiguration section */

/* Begin XCConfigurationList section */
		D2AEE9A62DF351FB000AB27F /* Build configuration list for PBXProject "SunSafe" */ = {
			isa = XCConfigurationList;
			buildConfigurations = (
				D2AEE9DA2DF351FD000AB27F /* Debug */,
				D2AEE9DB2DF351FD000AB27F /* Release */,
			);
			defaultConfigurationIsVisible = 0;
			defaultConfigurationName = Release;
		};
		D2AEE9D72DF351FD000AB27F /* Build configuration list for PBXNativeTarget "SunSafe" */ = {
			isa = XCConfigurationList;
			buildConfigurations = (
				D2AEE9D82DF351FD000AB27F /* Debug */,
				D2AEE9D92DF351FD000AB27F /* Release */,
			);
			defaultConfigurationIsVisible = 0;
			defaultConfigurationName = Release;
		};
		D2AEE9DC2DF351FD000AB27F /* Build configuration list for PBXNativeTarget "SunSafeTests" */ = {
			isa = XCConfigurationList;
			buildConfigurations = (
				D2AEE9DD2DF351FD000AB27F /* Debug */,
				D2AEE9DE2DF351FD000AB27F /* Release */,
			);
			defaultConfigurationIsVisible = 0;
			defaultConfigurationName = Release;
		};
		D2AEE9DF2DF351FD000AB27F /* Build configuration list for PBXNativeTarget "SunSafeUITests" */ = {
			isa = XCConfigurationList;
			buildConfigurations = (
				D2AEE9E02DF351FD000AB27F /* Debug */,
				D2AEE9E12DF351FD000AB27F /* Release */,
			);
			defaultConfigurationIsVisible = 0;
			defaultConfigurationName = Release;
		};
/* End XCConfigurationList section */

/* Begin XCRemoteSwiftPackageReference section */
		D21DC99A2DF8963F00C66DC5 /* XCRemoteSwiftPackageReference "Charts" */ = {
			isa = XCRemoteSwiftPackageReference;
			repositoryURL = "https://github.com/danielgindi/Charts.git";
			requirement = {
				kind = upToNextMajorVersion;
				minimumVersion = 5.1.0;
			};
		};
/* End XCRemoteSwiftPackageReference section */

/* Begin XCSwiftPackageProductDependency section */
		D21DC99B2DF8963F00C66DC5 /* DGCharts */ = {
			isa = XCSwiftPackageProductDependency;
			package = D21DC99A2DF8963F00C66DC5 /* XCRemoteSwiftPackageReference "Charts" */;
			productName = DGCharts;
		};
/* End XCSwiftPackageProductDependency section */
	};
	rootObject = D2AEE9A32DF351FB000AB27F /* Project object */;
}
